{
  "version": 4,
  "terraform_version": "1.8.2",
  "serial": 1,
  "lineage": "adc18845-cb8a-2d36-bf87-209db5a8d483",
  "outputs": {},
  "resources": [
    {
      "mode": "managed",
      "type": "local_file",
      "name": "create_python_welcome_message_file",
      "provider": "provider[\"registry.terraform.io/hashicorp/local\"]",
      "instances": [
        {
          "schema_version": 0,
          "attributes": {
            "content": "print(var.welcome_message)",
            "content_base64": null,
            "content_base64sha256": "krmOa1UvtaAa0OCf3of4Kje52h251VFF2VsdGzhX1/I=",
            "content_base64sha512": "JpIk4pA0XJlmiIxEUfE1DP7Y+itNoJ7R29qmxkrlIHmAPCHzdg56L2tPvMgra23oAUJ3Wju5DlqAypa96ji47Q==",
            "content_md5": "1c1a9bff0b9b442726908fdcbea70f4d",
            "content_sha1": "53c528305181a66dc3633e9bd83d940a5367b1d3",
            "content_sha256": "92b98e6b552fb5a01ad0e09fde87f82a37b9da1db9d55145d95b1d1b3857d7f2",
            "content_sha512": "269224e290345c9966888c4451f1350cfed8fa2b4da09ed1dbdaa6c64ae52079803c21f3760e7a2f6b4fbcc82b6b6de80142775a3bb90e5a80ca96bdea38b8ed",
            "directory_permission": "0777",
            "file_permission": "0777",
            "filename": "./welcome_message.py",
            "id": "53c528305181a66dc3633e9bd83d940a5367b1d3",
            "sensitive_content": null,
            "source": null
          },
          "sensitive_attributes": [
            [
              {
                "type": "get_attr",
                "value": "sensitive_content"
              }
            ]
          ]
        }
      ]
    }
  ],
  "check_results": null
}
